// !$*UTF8*$!
{
	archiveVersion = 1;
	classes = {
	};
	objectVersion = 50;
	objects = {

/* Begin PBXBuildFile section */
		72F96F8C2538B0CA003AFF3E /* AppDelegate.swift in Sources */ = {isa = PBXBuildFile; fileRef = 72F96F8B2538B0CA003AFF3E /* AppDelegate.swift */; };
		72F96F8E2538B0CA003AFF3E /* SceneDelegate.swift in Sources */ = {isa = PBXBuildFile; fileRef = 72F96F8D2538B0CA003AFF3E /* SceneDelegate.swift */; };
		72F96F902538B0CA003AFF3E /* ContentView.swift in Sources */ = {isa = PBXBuildFile; fileRef = 72F96F8F2538B0CA003AFF3E /* ContentView.swift */; };
		72F96F922538B0CB003AFF3E /* Assets.xcassets in Resources */ = {isa = PBXBuildFile; fileRef = 72F96F912538B0CB003AFF3E /* Assets.xcassets */; };
		72F96F952538B0CB003AFF3E /* Preview Assets.xcassets in Resources */ = {isa = PBXBuildFile; fileRef = 72F96F942538B0CB003AFF3E /* Preview Assets.xcassets */; };
		72F96F982538B0CB003AFF3E /* LaunchScreen.storyboard in Resources */ = {isa = PBXBuildFile; fileRef = 72F96F962538B0CB003AFF3E /* LaunchScreen.storyboard */; };
		72F96FA32538B0CB003AFF3E /* zalo_swiftui_demoTests.swift in Sources */ = {isa = PBXBuildFile; fileRef = 72F96FA22538B0CB003AFF3E /* zalo_swiftui_demoTests.swift */; };
		72F96FAE2538B0CB003AFF3E /* zalo_swiftui_demoUITests.swift in Sources */ = {isa = PBXBuildFile; fileRef = 72F96FAD2538B0CB003AFF3E /* zalo_swiftui_demoUITests.swift */; };
/* End PBXBuildFile section */

/* Begin PBXContainerItemProxy section */
		72F96F9F2538B0CB003AFF3E /* PBXContainerItemProxy */ = {
			isa = PBXContainerItemProxy;
			containerPortal = 72F96F802538B0CA003AFF3E /* Project object */;
			proxyType = 1;
			remoteGlobalIDString = 72F96F872538B0CA003AFF3E;
			remoteInfo = "zalo-swiftui-demo";
		};
		72F96FAA2538B0CB003AFF3E /* PBXContainerItemProxy */ = {
			isa = PBXContainerItemProxy;
			containerPortal = 72F96F802538B0CA003AFF3E /* Project object */;
			proxyType = 1;
			remoteGlobalIDString = 72F96F872538B0CA003AFF3E;
			remoteInfo = "zalo-swiftui-demo";
		};
/* End PBXContainerItemProxy section */

/* Begin PBXFileReference section */
		72F96F882538B0CA003AFF3E /* zalo-swiftui-demo.app */ = {isa = PBXFileReference; explicitFileType = wrapper.application; includeInIndex = 0; path = "zalo-swiftui-demo.app"; sourceTree = BUILT_PRODUCTS_DIR; };
		72F96F8B2538B0CA003AFF3E /* AppDelegate.swift */ = {isa = PBXFileReference; lastKnownFileType = sourcecode.swift; path = AppDelegate.swift; sourceTree = "<group>"; };
		72F96F8D2538B0CA003AFF3E /* SceneDelegate.swift */ = {isa = PBXFileReference; lastKnownFileType = sourcecode.swift; path = SceneDelegate.swift; sourceTree = "<group>"; };
		72F96F8F2538B0CA003AFF3E /* ContentView.swift */ = {isa = PBXFileReference; lastKnownFileType = sourcecode.swift; path = ContentView.swift; sourceTree = "<group>"; };
		72F96F912538B0CB003AFF3E /* Assets.xcassets */ = {isa = PBXFileReference; lastKnownFileType = folder.assetcatalog; path = Assets.xcassets; sourceTree = "<group>"; };
		72F96F942538B0CB003AFF3E /* Preview Assets.xcassets */ = {isa = PBXFileReference; lastKnownFileType = folder.assetcatalog; path = "Preview Assets.xcassets"; sourceTree = "<group>"; };
		72F96F972538B0CB003AFF3E /* Base */ = {isa = PBXFileReference; lastKnownFileType = file.storyboard; name = Base; path = Base.lproj/LaunchScreen.storyboard; sourceTree = "<group>"; };
		72F96F992538B0CB003AFF3E /* Info.plist */ = {isa = PBXFileReference; lastKnownFileType = text.plist.xml; path = Info.plist; sourceTree = "<group>"; };
		72F96F9E2538B0CB003AFF3E /* zalo-swiftui-demoTests.xctest */ = {isa = PBXFileReference; explicitFileType = wrapper.cfbundle; includeInIndex = 0; path = "zalo-swiftui-demoTests.xctest"; sourceTree = BUILT_PRODUCTS_DIR; };
		72F96FA22538B0CB003AFF3E /* zalo_swiftui_demoTests.swift */ = {isa = PBXFileReference; lastKnownFileType = sourcecode.swift; path = zalo_swiftui_demoTests.swift; sourceTree = "<group>"; };
		72F96FA42538B0CB003AFF3E /* Info.plist */ = {isa = PBXFileReference; lastKnownFileType = text.plist.xml; path = Info.plist; sourceTree = "<group>"; };
		72F96FA92538B0CB003AFF3E /* zalo-swiftui-demoUITests.xctest */ = {isa = PBXFileReference; explicitFileType = wrapper.cfbundle; includeInIndex = 0; path = "zalo-swiftui-demoUITests.xctest"; sourceTree = BUILT_PRODUCTS_DIR; };
		72F96FAD2538B0CB003AFF3E /* zalo_swiftui_demoUITests.swift */ = {isa = PBXFileReference; lastKnownFileType = sourcecode.swift; path = zalo_swiftui_demoUITests.swift; sourceTree = "<group>"; };
		72F96FAF2538B0CB003AFF3E /* Info.plist */ = {isa = PBXFileReference; lastKnownFileType = text.plist.xml; path = Info.plist; sourceTree = "<group>"; };
/* End PBXFileReference section */

/* Begin PBXFrameworksBuildPhase section */
		72F96F852538B0CA003AFF3E /* Frameworks */ = {
			isa = PBXFrameworksBuildPhase;
			buildActionMask = 2147483647;
			files = (
			);
			runOnlyForDeploymentPostprocessing = 0;
		};
		72F96F9B2538B0CB003AFF3E /* Frameworks */ = {
			isa = PBXFrameworksBuildPhase;
			buildActionMask = 2147483647;
			files = (
			);
			runOnlyForDeploymentPostprocessing = 0;
		};
		72F96FA62538B0CB003AFF3E /* Frameworks */ = {
			isa = PBXFrameworksBuildPhase;
			buildActionMask = 2147483647;
			files = (
			);
			runOnlyForDeploymentPostprocessing = 0;
		};
/* End PBXFrameworksBuildPhase section */

/* Begin PBXGroup section */
		72F96F7F2538B0CA003AFF3E = {
			isa = PBXGroup;
			children = (
				72F96F8A2538B0CA003AFF3E /* zalo-swiftui-demo */,
				72F96FA12538B0CB003AFF3E /* zalo-swiftui-demoTests */,
				72F96FAC2538B0CB003AFF3E /* zalo-swiftui-demoUITests */,
				72F96F892538B0CA003AFF3E /* Products */,
			);
			sourceTree = "<group>";
		};
		72F96F892538B0CA003AFF3E /* Products */ = {
			isa = PBXGroup;
			children = (
				72F96F882538B0CA003AFF3E /* zalo-swiftui-demo.app */,
				72F96F9E2538B0CB003AFF3E /* zalo-swiftui-demoTests.xctest */,
				72F96FA92538B0CB003AFF3E /* zalo-swiftui-demoUITests.xctest */,
			);
			name = Products;
			sourceTree = "<group>";
		};
		72F96F8A2538B0CA003AFF3E /* zalo-swiftui-demo */ = {
			isa = PBXGroup;
			children = (
				72F96F8B2538B0CA003AFF3E /* AppDelegate.swift */,
				72F96F8D2538B0CA003AFF3E /* SceneDelegate.swift */,
				72F96F8F2538B0CA003AFF3E /* ContentView.swift */,
				72F96F912538B0CB003AFF3E /* Assets.xcassets */,
				72F96F962538B0CB003AFF3E /* LaunchScreen.storyboard */,
				72F96F992538B0CB003AFF3E /* Info.plist */,
				72F96F932538B0CB003AFF3E /* Preview Content */,
			);
			path = "zalo-swiftui-demo";
			sourceTree = "<group>";
		};
		72F96F932538B0CB003AFF3E /* Preview Content */ = {
			isa = PBXGroup;
			children = (
				72F96F942538B0CB003AFF3E /* Preview Assets.xcassets */,
			);
			path = "Preview Content";
			sourceTree = "<group>";
		};
		72F96FA12538B0CB003AFF3E /* zalo-swiftui-demoTests */ = {
			isa = PBXGroup;
			children = (
				72F96FA22538B0CB003AFF3E /* zalo_swiftui_demoTests.swift */,
				72F96FA42538B0CB003AFF3E /* Info.plist */,
			);
			path = "zalo-swiftui-demoTests";
			sourceTree = "<group>";
		};
		72F96FAC2538B0CB003AFF3E /* zalo-swiftui-demoUITests */ = {
			isa = PBXGroup;
			children = (
				72F96FAD2538B0CB003AFF3E /* zalo_swiftui_demoUITests.swift */,
				72F96FAF2538B0CB003AFF3E /* Info.plist */,
			);
			path = "zalo-swiftui-demoUITests";
			sourceTree = "<group>";
		};
/* End PBXGroup section */

/* Begin PBXNativeTarget section */
		72F96F872538B0CA003AFF3E /* zalo-swiftui-demo */ = {
			isa = PBXNativeTarget;
			buildConfigurationList = 72F96FB22538B0CB003AFF3E /* Build configuration list for PBXNativeTarget "zalo-swiftui-demo" */;
			buildPhases = (
				72F96F842538B0CA003AFF3E /* Sources */,
				72F96F852538B0CA003AFF3E /* Frameworks */,
				72F96F862538B0CA003AFF3E /* Resources */,
			);
			buildRules = (
			);
			dependencies = (
			);
			name = "zalo-swiftui-demo";
			productName = "zalo-swiftui-demo";
			productReference = 72F96F882538B0CA003AFF3E /* zalo-swiftui-demo.app */;
			productType = "com.apple.product-type.application";
		};
		72F96F9D2538B0CB003AFF3E /* zalo-swiftui-demoTests */ = {
			isa = PBXNativeTarget;
			buildConfigurationList = 72F96FB52538B0CB003AFF3E /* Build configuration list for PBXNativeTarget "zalo-swiftui-demoTests" */;
			buildPhases = (
				72F96F9A2538B0CB003AFF3E /* Sources */,
				72F96F9B2538B0CB003AFF3E /* Frameworks */,
				72F96F9C2538B0CB003AFF3E /* Resources */,
			);
			buildRules = (
			);
			dependencies = (
				72F96FA02538B0CB003AFF3E /* PBXTargetDependency */,
			);
			name = "zalo-swiftui-demoTests";
			productName = "zalo-swiftui-demoTests";
			productReference = 72F96F9E2538B0CB003AFF3E /* zalo-swiftui-demoTests.xctest */;
			productType = "com.apple.product-type.bundle.unit-test";
		};
		72F96FA82538B0CB003AFF3E /* zalo-swiftui-demoUITests */ = {
			isa = PBXNativeTarget;
			buildConfigurationList = 72F96FB82538B0CB003AFF3E /* Build configuration list for PBXNativeTarget "zalo-swiftui-demoUITests" */;
			buildPhases = (
				72F96FA52538B0CB003AFF3E /* Sources */,
				72F96FA62538B0CB003AFF3E /* Frameworks */,
				72F96FA72538B0CB003AFF3E /* Resources */,
			);
			buildRules = (
			);
			dependencies = (
				72F96FAB2538B0CB003AFF3E /* PBXTargetDependency */,
			);
			name = "zalo-swiftui-demoUITests";
			productName = "zalo-swiftui-demoUITests";
			productReference = 72F96FA92538B0CB003AFF3E /* zalo-swiftui-demoUITests.xctest */;
			productType = "com.apple.product-type.bundle.ui-testing";
		};
/* End PBXNativeTarget section */

/* Begin PBXProject section */
		72F96F802538B0CA003AFF3E /* Project object */ = {
			isa = PBXProject;
			attributes = {
				LastSwiftUpdateCheck = 1200;
				LastUpgradeCheck = 1200;
				TargetAttributes = {
					72F96F872538B0CA003AFF3E = {
						CreatedOnToolsVersion = 12.0.1;
					};
					72F96F9D2538B0CB003AFF3E = {
						CreatedOnToolsVersion = 12.0.1;
						TestTargetID = 72F96F872538B0CA003AFF3E;
					};
					72F96FA82538B0CB003AFF3E = {
						CreatedOnToolsVersion = 12.0.1;
						TestTargetID = 72F96F872538B0CA003AFF3E;
					};
				};
			};
			buildConfigurationList = 72F96F832538B0CA003AFF3E /* Build configuration list for PBXProject "zalo-swiftui-demo" */;
			compatibilityVersion = "Xcode 9.3";
			developmentRegion = en;
			hasScannedForEncodings = 0;
			knownRegions = (
				en,
				Base,
			);
			mainGroup = 72F96F7F2538B0CA003AFF3E;
			productRefGroup = 72F96F892538B0CA003AFF3E /* Products */;
			projectDirPath = "";
			projectRoot = "";
			targets = (
				72F96F872538B0CA003AFF3E /* zalo-swiftui-demo */,
				72F96F9D2538B0CB003AFF3E /* zalo-swiftui-demoTests */,
				72F96FA82538B0CB003AFF3E /* zalo-swiftui-demoUITests */,
			);
		};
/* End PBXProject section */

/* Begin PBXResourcesBuildPhase section */
		72F96F862538B0CA003AFF3E /* Resources */ = {
			isa = PBXResourcesBuildPhase;
			buildActionMask = 2147483647;
			files = (
				72F96F982538B0CB003AFF3E /* LaunchScreen.storyboard in Resources */,
				72F96F952538B0CB003AFF3E /* Preview Assets.xcassets in Resources */,
				72F96F922538B0CB003AFF3E /* Assets.xcassets in Resources */,
			);
			runOnlyForDeploymentPostprocessing = 0;
		};
		72F96F9C2538B0CB003AFF3E /* Resources */ = {
			isa = PBXResourcesBuildPhase;
			buildActionMask = 2147483647;
			files = (
			);
			runOnlyForDeploymentPostprocessing = 0;
		};
		72F96FA72538B0CB003AFF3E /* Resources */ = {
			isa = PBXResourcesBuildPhase;
			buildActionMask = 2147483647;
			files = (
			);
			runOnlyForDeploymentPostprocessing = 0;
		};
/* End PBXResourcesBuildPhase section */

/* Begin PBXSourcesBuildPhase section */
		72F96F842538B0CA003AFF3E /* Sources */ = {
			isa = PBXSourcesBuildPhase;
			buildActionMask = 2147483647;
			files = (
				72F96F8C2538B0CA003AFF3E /* AppDelegate.swift in Sources */,
				72F96F8E2538B0CA003AFF3E /* SceneDelegate.swift in Sources */,
				72F96F902538B0CA003AFF3E /* ContentView.swift in Sources */,
			);
			runOnlyForDeploymentPostprocessing = 0;
		};
		72F96F9A2538B0CB003AFF3E /* Sources */ = {
			isa = PBXSourcesBuildPhase;
			buildActionMask = 2147483647;
			files = (
				72F96FA32538B0CB003AFF3E /* zalo_swiftui_demoTests.swift in Sources */,
			);
			runOnlyForDeploymentPostprocessing = 0;
		};
		72F96FA52538B0CB003AFF3E /* Sources */ = {
			isa = PBXSourcesBuildPhase;
			buildActionMask = 2147483647;
			files = (
				72F96FAE2538B0CB003AFF3E /* zalo_swiftui_demoUITests.swift in Sources */,
			);
			runOnlyForDeploymentPostprocessing = 0;
		};
/* End PBXSourcesBuildPhase section */

/* Begin PBXTargetDependency section */
		72F96FA02538B0CB003AFF3E /* PBXTargetDependency */ = {
			isa = PBXTargetDependency;
			target = 72F96F872538B0CA003AFF3E /* zalo-swiftui-demo */;
			targetProxy = 72F96F9F2538B0CB003AFF3E /* PBXContainerItemProxy */;
		};
		72F96FAB2538B0CB003AFF3E /* PBXTargetDependency */ = {
			isa = PBXTargetDependency;
			target = 72F96F872538B0CA003AFF3E /* zalo-swiftui-demo */;
			targetProxy = 72F96FAA2538B0CB003AFF3E /* PBXContainerItemProxy */;
		};
/* End PBXTargetDependency section */

/* Begin PBXVariantGroup section */
		72F96F962538B0CB003AFF3E /* LaunchScreen.storyboard */ = {
			isa = PBXVariantGroup;
			children = (
				72F96F972538B0CB003AFF3E /* Base */,
			);
			name = LaunchScreen.storyboard;
			sourceTree = "<group>";
		};
/* End PBXVariantGroup section */

/* Begin XCBuildConfiguration section */
		72F96FB02538B0CB003AFF3E /* Debug */ = {
			isa = XCBuildConfiguration;
			buildSettings = {
				ALWAYS_SEARCH_USER_PATHS = NO;
				CLANG_ANALYZER_NONNULL = YES;
				CLANG_ANALYZER_NUMBER_OBJECT_CONVERSION = YES_AGGRESSIVE;
				CLANG_CXX_LANGUAGE_STANDARD = "gnu++14";
				CLANG_CXX_LIBRARY = "libc++";
				CLANG_ENABLE_MODULES = YES;
				CLANG_ENABLE_OBJC_ARC = YES;
				CLANG_ENABLE_OBJC_WEAK = YES;
				CLANG_WARN_BLOCK_CAPTURE_AUTORELEASING = YES;
				CLANG_WARN_BOOL_CONVERSION = YES;
				CLANG_WARN_COMMA = YES;
				CLANG_WARN_CONSTANT_CONVERSION = YES;
				CLANG_WARN_DEPRECATED_OBJC_IMPLEMENTATIONS = YES;
				CLANG_WARN_DIRECT_OBJC_ISA_USAGE = YES_ERROR;
				CLANG_WARN_DOCUMENTATION_COMMENTS = YES;
				CLANG_WARN_EMPTY_BODY = YES;
				CLANG_WARN_ENUM_CONVERSION = YES;
				CLANG_WARN_INFINITE_RECURSION = YES;
				CLANG_WARN_INT_CONVERSION = YES;
				CLANG_WARN_NON_LITERAL_NULL_CONVERSION = YES;
				CLANG_WARN_OBJC_IMPLICIT_RETAIN_SELF = YES;
				CLANG_WARN_OBJC_LITERAL_CONVERSION = YES;
				CLANG_WARN_OBJC_ROOT_CLASS = YES_ERROR;
				CLANG_WARN_QUOTED_INCLUDE_IN_FRAMEWORK_HEADER = YES;
				CLANG_WARN_RANGE_LOOP_ANALYSIS = YES;
				CLANG_WARN_STRICT_PROTOTYPES = YES;
				CLANG_WARN_SUSPICIOUS_MOVE = YES;
				CLANG_WARN_UNGUARDED_AVAILABILITY = YES_AGGRESSIVE;
				CLANG_WARN_UNREACHABLE_CODE = YES;
				CLANG_WARN__DUPLICATE_METHOD_MATCH = YES;
				COPY_PHASE_STRIP = NO;
				DEBUG_INFORMATION_FORMAT = dwarf;
				ENABLE_STRICT_OBJC_MSGSEND = YES;
				ENABLE_TESTABILITY = YES;
				GCC_C_LANGUAGE_STANDARD = gnu11;
				GCC_DYNAMIC_NO_PIC = NO;
				GCC_NO_COMMON_BLOCKS = YES;
				GCC_OPTIMIZATION_LEVEL = 0;
				GCC_PREPROCESSOR_DEFINITIONS = (
					"DEBUG=1",
					"$(inherited)",
				);
				GCC_WARN_64_TO_32_BIT_CONVERSION = YES;
				GCC_WARN_ABOUT_RETURN_TYPE = YES_ERROR;
				GCC_WARN_UNDECLARED_SELECTOR = YES;
				GCC_WARN_UNINITIALIZED_AUTOS = YES_AGGRESSIVE;
				GCC_WARN_UNUSED_FUNCTION = YES;
				GCC_WARN_UNUSED_VARIABLE = YES;
				IPHONEOS_DEPLOYMENT_TARGET = 14.0;
				MTL_ENABLE_DEBUG_INFO = INCLUDE_SOURCE;
				MTL_FAST_MATH = YES;
				ONLY_ACTIVE_ARCH = YES;
				SDKROOT = iphoneos;
				SWIFT_ACTIVE_COMPILATION_CONDITIONS = DEBUG;
				SWIFT_OPTIMIZATION_LEVEL = "-Onone";
			};
			name = Debug;
		};
		72F96FB12538B0CB003AFF3E /* Release */ = {
			isa = XCBuildConfiguration;
			buildSettings = {
				ALWAYS_SEARCH_USER_PATHS = NO;
				CLANG_ANALYZER_NONNULL = YES;
				CLANG_ANALYZER_NUMBER_OBJECT_CONVERSION = YES_AGGRESSIVE;
				CLANG_CXX_LANGUAGE_STANDARD = "gnu++14";
				CLANG_CXX_LIBRARY = "libc++";
				CLANG_ENABLE_MODULES = YES;
				CLANG_ENABLE_OBJC_ARC = YES;
				CLANG_ENABLE_OBJC_WEAK = YES;
				CLANG_WARN_BLOCK_CAPTURE_AUTORELEASING = YES;
				CLANG_WARN_BOOL_CONVERSION = YES;
				CLANG_WARN_COMMA = YES;
				CLANG_WARN_CONSTANT_CONVERSION = YES;
				CLANG_WARN_DEPRECATED_OBJC_IMPLEMENTATIONS = YES;
				CLANG_WARN_DIRECT_OBJC_ISA_USAGE = YES_ERROR;
				CLANG_WARN_DOCUMENTATION_COMMENTS = YES;
				CLANG_WARN_EMPTY_BODY = YES;
				CLANG_WARN_ENUM_CONVERSION = YES;
				CLANG_WARN_INFINITE_RECURSION = YES;
				CLANG_WARN_INT_CONVERSION = YES;
				CLANG_WARN_NON_LITERAL_NULL_CONVERSION = YES;
				CLANG_WARN_OBJC_IMPLICIT_RETAIN_SELF = YES;
				CLANG_WARN_OBJC_LITERAL_CONVERSION = YES;
				CLANG_WARN_OBJC_ROOT_CLASS = YES_ERROR;
				CLANG_WARN_QUOTED_INCLUDE_IN_FRAMEWORK_HEADER = YES;
				CLANG_WARN_RANGE_LOOP_ANALYSIS = YES;
				CLANG_WARN_STRICT_PROTOTYPES = YES;
				CLANG_WARN_SUSPICIOUS_MOVE = YES;
				CLANG_WARN_UNGUARDED_AVAILABILITY = YES_AGGRESSIVE;
				CLANG_WARN_UNREACHABLE_CODE = YES;
				CLANG_WARN__DUPLICATE_METHOD_MATCH = YES;
				COPY_PHASE_STRIP = NO;
				DEBUG_INFORMATION_FORMAT = "dwarf-with-dsym";
				ENABLE_NS_ASSERTIONS = NO;
				ENABLE_STRICT_OBJC_MSGSEND = YES;
				GCC_C_LANGUAGE_STANDARD = gnu11;
				GCC_NO_COMMON_BLOCKS = YES;
				GCC_WARN_64_TO_32_BIT_CONVERSION = YES;
				GCC_WARN_ABOUT_RETURN_TYPE = YES_ERROR;
				GCC_WARN_UNDECLARED_SELECTOR = YES;
				GCC_WARN_UNINITIALIZED_AUTOS = YES_AGGRESSIVE;
				GCC_WARN_UNUSED_FUNCTION = YES;
				GCC_WARN_UNUSED_VARIABLE = YES;
				IPHONEOS_DEPLOYMENT_TARGET = 14.0;
				MTL_ENABLE_DEBUG_INFO = NO;
				MTL_FAST_MATH = YES;
				SDKROOT = iphoneos;
				SWIFT_COMPILATION_MODE = wholemodule;
				SWIFT_OPTIMIZATION_LEVEL = "-O";
				VALIDATE_PRODUCT = YES;
			};
			name = Release;
		};
		72F96FB32538B0CB003AFF3E /* Debug */ = {
			isa = XCBuildConfiguration;
			buildSettings = {
				ASSETCATALOG_COMPILER_APPICON_NAME = AppIcon;
				ASSETCATALOG_COMPILER_GLOBAL_ACCENT_COLOR_NAME = AccentColor;
				CODE_SIGN_STYLE = Automatic;
				DEVELOPMENT_ASSET_PATHS = "\"zalo-swiftui-demo/Preview Content\"";
				DEVELOPMENT_TEAM = SKQY859ZK7;
				ENABLE_PREVIEWS = YES;
				INFOPLIST_FILE = "zalo-swiftui-demo/Info.plist";
				LD_RUNPATH_SEARCH_PATHS = (
					"$(inherited)",
					"@executable_path/Frameworks",
				);
				PRODUCT_BUNDLE_IDENTIFIER = "com.thangnvh.zalo-swiftui-demo";
				PRODUCT_NAME = "$(TARGET_NAME)";
				SWIFT_VERSION = 5.0;
				TARGETED_DEVICE_FAMILY = "1,2";
			};
			name = Debug;
		};
		72F96FB42538B0CB003AFF3E /* Release */ = {
			isa = XCBuildConfiguration;
			buildSettings = {
				ASSETCATALOG_COMPILER_APPICON_NAME = AppIcon;
				ASSETCATALOG_COMPILER_GLOBAL_ACCENT_COLOR_NAME = AccentColor;
				CODE_SIGN_STYLE = Automatic;
				DEVELOPMENT_ASSET_PATHS = "\"zalo-swiftui-demo/Preview Content\"";
				DEVELOPMENT_TEAM = SKQY859ZK7;
				ENABLE_PREVIEWS = YES;
				INFOPLIST_FILE = "zalo-swiftui-demo/Info.plist";
				LD_RUNPATH_SEARCH_PATHS = (
					"$(inherited)",
					"@executable_path/Frameworks",
				);
				PRODUCT_BUNDLE_IDENTIFIER = "com.thangnvh.zalo-swiftui-demo";
				PRODUCT_NAME = "$(TARGET_NAME)";
				SWIFT_VERSION = 5.0;
				TARGETED_DEVICE_FAMILY = "1,2";
			};
			name = Release;
		};
		72F96FB62538B0CB003AFF3E /* Debug */ = {
			isa = XCBuildConfiguration;
			buildSettings = {
				ALWAYS_EMBED_SWIFT_STANDARD_LIBRARIES = YES;
				BUNDLE_LOADER = "$(TEST_HOST)";
				CODE_SIGN_STYLE = Automatic;
				DEVELOPMENT_TEAM = SKQY859ZK7;
				INFOPLIST_FILE = "zalo-swiftui-demoTests/Info.plist";
				IPHONEOS_DEPLOYMENT_TARGET = 14.0;
				LD_RUNPATH_SEARCH_PATHS = (
					"$(inherited)",
					"@executable_path/Frameworks",
					"@loader_path/Frameworks",
				);
				PRODUCT_BUNDLE_IDENTIFIER = "com.thangnvh.zalo-swiftui-demoTests";
				PRODUCT_NAME = "$(TARGET_NAME)";
				SWIFT_VERSION = 5.0;
				TARGETED_DEVICE_FAMILY = "1,2";
				TEST_HOST = "$(BUILT_PRODUCTS_DIR)/zalo-swiftui-demo.app/zalo-swiftui-demo";
			};
			name = Debug;
		};
		72F96FB72538B0CB003AFF3E /* Release */ = {
			isa = XCBuildConfiguration;
			buildSettings = {
				ALWAYS_EMBED_SWIFT_STANDARD_LIBRARIES = YES;
				BUNDLE_LOADER = "$(TEST_HOST)";
				CODE_SIGN_STYLE = Automatic;
				DEVELOPMENT_TEAM = SKQY859ZK7;
				INFOPLIST_FILE = "zalo-swiftui-demoTests/Info.plist";
				IPHONEOS_DEPLOYMENT_TARGET = 14.0;
				LD_RUNPATH_SEARCH_PATHS = (
					"$(inherited)",
					"@executable_path/Frameworks",
					"@loader_path/Frameworks",
				);
				PRODUCT_BUNDLE_IDENTIFIER = "com.thangnvh.zalo-swiftui-demoTests";
				PRODUCT_NAME = "$(TARGET_NAME)";
				SWIFT_VERSION = 5.0;
				TARGETED_DEVICE_FAMILY = "1,2";
				TEST_HOST = "$(BUILT_PRODUCTS_DIR)/zalo-swiftui-demo.app/zalo-swiftui-demo";
			};
			name = Release;
		};
		72F96FB92538B0CB003AFF3E /* Debug */ = {
			isa = XCBuildConfiguration;
			buildSettings = {
				ALWAYS_EMBED_SWIFT_STANDARD_LIBRARIES = YES;
				CODE_SIGN_STYLE = Automatic;
				DEVELOPMENT_TEAM = SKQY859ZK7;
				INFOPLIST_FILE = "zalo-swiftui-demoUITests/Info.plist";
				LD_RUNPATH_SEARCH_PATHS = (
					"$(inherited)",
					"@executable_path/Frameworks",
					"@loader_path/Frameworks",
				);
				PRODUCT_BUNDLE_IDENTIFIER = "com.thangnvh.zalo-swiftui-demoUITests";
				PRODUCT_NAME = "$(TARGET_NAME)";
				SWIFT_VERSION = 5.0;
				TARGETED_DEVICE_FAMILY = "1,2";
				TEST_TARGET_NAME = "zalo-swiftui-demo";
			};
			name = Debug;
		};
		72F96FBA2538B0CB003AFF3E /* Release */ = {
			isa = XCBuildConfiguration;
			buildSettings = {
				ALWAYS_EMBED_SWIFT_STANDARD_LIBRARIES = YES;
				CODE_SIGN_STYLE = Automatic;
				DEVELOPMENT_TEAM = SKQY859ZK7;
				INFOPLIST_FILE = "zalo-swiftui-demoUITests/Info.plist";
				LD_RUNPATH_SEARCH_PATHS = (
					"$(inherited)",
					"@executable_path/Frameworks",
					"@loader_path/Frameworks",
				);
				PRODUCT_BUNDLE_IDENTIFIER = "com.thangnvh.zalo-swiftui-demoUITests";
				PRODUCT_NAME = "$(TARGET_NAME)";
				SWIFT_VERSION = 5.0;
				TARGETED_DEVICE_FAMILY = "1,2";
				TEST_TARGET_NAME = "zalo-swiftui-demo";
			};
			name = Release;
		};
/* End XCBuildConfiguration section */

/* Begin XCConfigurationList section */
		72F96F832538B0CA003AFF3E /* Build configuration list for PBXProject "zalo-swiftui-demo" */ = {
			isa = XCConfigurationList;
			buildConfigurations = (
				72F96FB02538B0CB003AFF3E /* Debug */,
				72F96FB12538B0CB003AFF3E /* Release */,
			);
			defaultConfigurationIsVisible = 0;
			defaultConfigurationName = Release;
		};
		72F96FB22538B0CB003AFF3E /* Build configuration list for PBXNativeTarget "zalo-swiftui-demo" */ = {
			isa = XCConfigurationList;
			buildConfigurations = (
				72F96FB32538B0CB003AFF3E /* Debug */,
				72F96FB42538B0CB003AFF3E /* Release */,
			);
			defaultConfigurationIsVisible = 0;
			defaultConfigurationName = Release;
		};
		72F96FB52538B0CB003AFF3E /* Build configuration list for PBXNativeTarget "zalo-swiftui-demoTests" */ = {
			isa = XCConfigurationList;
			buildConfigurations = (
				72F96FB62538B0CB003AFF3E /* Debug */,
				72F96FB72538B0CB003AFF3E /* Release */,
			);
			defaultConfigurationIsVisible = 0;
			defaultConfigurationName = Release;
		};
		72F96FB82538B0CB003AFF3E /* Build configuration list for PBXNativeTarget "zalo-swiftui-demoUITests" */ = {
			isa = XCConfigurationList;
			buildConfigurations = (
				72F96FB92538B0CB003AFF3E /* Debug */,
				72F96FBA2538B0CB003AFF3E /* Release */,
			);
			defaultConfigurationIsVisible = 0;
			defaultConfigurationName = Release;
		};
/* End XCConfigurationList section */
	};
	rootObject = 72F96F802538B0CA003AFF3E /* Project object */;
}
